PODS:
  - Flutter (1.0.0)
  - intiface_engine_flutter_plugin (0.0.1):
    - Flutter
  - permission_handler_apple (9.0.4):
    - Flutter

DEPENDENCIES:
  - Flutter (from `Flutter`)
  - intiface_engine_flutter_plugin (from `.symlinks/plugins/intiface_engine_flutter_plugin/ios`)
  - permission_handler_apple (from `.symlinks/plugins/permission_handler_apple/ios`)

EXTERNAL SOURCES:
  Flutter:
    :path: Flutter
  intiface_engine_flutter_plugin:
    :path: ".symlinks/plugins/intiface_engine_flutter_plugin/ios"
  permission_handler_apple:
    :path: ".symlinks/plugins/permission_handler_apple/ios"

SPEC CHECKSUMS:
  Flutter: f04841e97a9d0b0a8025694d0796dd46242b2854
  intiface_engine_flutter_plugin: c0e697f04b6266314897859253f81457180bf463
  permission_handler_apple: 44366e37eaf29454a1e7b1b7d736c2cceaeb17ce

PODFILE CHECKSUM: 7368163408c647b7eb699d0d788ba6718e18fb8d

COCOAPODS: 1.11.3
